
Microsoft Visual Studio Solution File, Format Version 12.00
# Visual Studio Version 17
VisualStudioVersion = 17.5.33530.505
MinimumVisualStudioVersion = 10.0.40219.1
Project("{9A19103F-16F7-4668-BE54-9A1E7A4F7556}") = "RenaciendoWebAPI", "RenaciendoWebAPI\RenaciendoWebAPI.csproj", "{7FA93CC7-CE38-4C53-9CF8-56078D626402}"
EndProject
Project("{9A19103F-16F7-4668-BE54-9A1E7A4F7556}") = "MySQLDapper", "MySQLDapper\MySQLDapper.csproj", "{F88C514E-1796-460E-B514-B8AA1E1854B4}"
EndProject
Project("{9A19103F-16F7-4668-BE54-9A1E7A4F7556}") = "TiendaAPI", "TiendaAPI\TiendaAPI.csproj", "{9B23E0C1-525A-49E5-A73E-DD23C02CE854}"
EndProject
Project("{9A19103F-16F7-4668-BE54-9A1E7A4F7556}") = "API7MySQL", "API7MySQL\API7MySQL.csproj", "{D1E18CAD-81D4-4F3F-9EC0-B3EF14DCA7C5}"
EndProject
Project("{9A19103F-16F7-4668-BE54-9A1E7A4F7556}") = "CLData", "CLData\CLData.csproj", "{141C7F37-D8A6-4545-BB0A-9132648143E4}"
EndProject
Project("{9A19103F-16F7-4668-BE54-9A1E7A4F7556}") = "CLModel", "CLModel\CLModel.csproj", "{5375EBCF-9DE8-46C6-B19E-A875023EC454}"
EndProject
Project("{9A19103F-16F7-4668-BE54-9A1E7A4F7556}") = "Net5MySQL", "Net5MySQL\Net5MySQL.csproj", "{5351A973-4B4B-401F-BB9B-30BD976B1CEB}"
EndProject
Project("{9A19103F-16F7-4668-BE54-9A1E7A4F7556}") = "ConsoleApp1", "ConsoleApp1\ConsoleApp1.csproj", "{28789339-8EC5-4DAE-BB85-01DF86D3648C}"
EndProject
Project("{9A19103F-16F7-4668-BE54-9A1E7A4F7556}") = "MongoDBNetCore", "MongoDBNetCore\MongoDBNetCore.csproj", "{143392B6-250D-49DB-B224-32D5D3495D6D}"
EndProject
Project("{FAE04EC0-301F-11D3-BF4B-00C04F79EFBC}") = "CodeByte", "CodeByte\CodeByte.csproj", "{A940B5A9-C194-40B2-B29B-952B1DC894A6}"
EndProject
Project("{FAE04EC0-301F-11D3-BF4B-00C04F79EFBC}") = "OracleWebAPI", "OracleWebAPI\OracleWebAPI.csproj", "{DE789B46-CA39-48A0-9837-B8275DE94DBA}"
EndProject
Project("{FAE04EC0-301F-11D3-BF4B-00C04F79EFBC}") = "OracleWebAPI.Data", "OracleWebAPI.Data\OracleWebAPI.Data.csproj", "{8A33608A-BC80-4F80-9562-61998B99D7A9}"
EndProject
Project("{FAE04EC0-301F-11D3-BF4B-00C04F79EFBC}") = "OracleWebAPI.Services", "OracleWebAPI.Services\OracleWebAPI.Services.csproj", "{3E9E2C18-8F42-402A-A9CE-647F089367AA}"
EndProject
Global
	GlobalSection(SolutionConfigurationPlatforms) = preSolution
		Debug|Any CPU = Debug|Any CPU
		Release|Any CPU = Release|Any CPU
	EndGlobalSection
	GlobalSection(ProjectConfigurationPlatforms) = postSolution
		{7FA93CC7-CE38-4C53-9CF8-56078D626402}.Debug|Any CPU.ActiveCfg = Debug|Any CPU
		{7FA93CC7-CE38-4C53-9CF8-56078D626402}.Debug|Any CPU.Build.0 = Debug|Any CPU
		{7FA93CC7-CE38-4C53-9CF8-56078D626402}.Release|Any CPU.ActiveCfg = Release|Any CPU
		{7FA93CC7-CE38-4C53-9CF8-56078D626402}.Release|Any CPU.Build.0 = Release|Any CPU
		{F88C514E-1796-460E-B514-B8AA1E1854B4}.Debug|Any CPU.ActiveCfg = Debug|Any CPU
		{F88C514E-1796-460E-B514-B8AA1E1854B4}.Debug|Any CPU.Build.0 = Debug|Any CPU
		{F88C514E-1796-460E-B514-B8AA1E1854B4}.Release|Any CPU.ActiveCfg = Release|Any CPU
		{F88C514E-1796-460E-B514-B8AA1E1854B4}.Release|Any CPU.Build.0 = Release|Any CPU
		{9B23E0C1-525A-49E5-A73E-DD23C02CE854}.Debug|Any CPU.ActiveCfg = Debug|Any CPU
		{9B23E0C1-525A-49E5-A73E-DD23C02CE854}.Debug|Any CPU.Build.0 = Debug|Any CPU
		{9B23E0C1-525A-49E5-A73E-DD23C02CE854}.Release|Any CPU.ActiveCfg = Release|Any CPU
		{9B23E0C1-525A-49E5-A73E-DD23C02CE854}.Release|Any CPU.Build.0 = Release|Any CPU
		{D1E18CAD-81D4-4F3F-9EC0-B3EF14DCA7C5}.Debug|Any CPU.ActiveCfg = Debug|Any CPU
		{D1E18CAD-81D4-4F3F-9EC0-B3EF14DCA7C5}.Debug|Any CPU.Build.0 = Debug|Any CPU
		{D1E18CAD-81D4-4F3F-9EC0-B3EF14DCA7C5}.Release|Any CPU.ActiveCfg = Release|Any CPU
		{D1E18CAD-81D4-4F3F-9EC0-B3EF14DCA7C5}.Release|Any CPU.Build.0 = Release|Any CPU
		{141C7F37-D8A6-4545-BB0A-9132648143E4}.Debug|Any CPU.ActiveCfg = Debug|Any CPU
		{141C7F37-D8A6-4545-BB0A-9132648143E4}.Debug|Any CPU.Build.0 = Debug|Any CPU
		{141C7F37-D8A6-4545-BB0A-9132648143E4}.Release|Any CPU.ActiveCfg = Release|Any CPU
		{141C7F37-D8A6-4545-BB0A-9132648143E4}.Release|Any CPU.Build.0 = Release|Any CPU
		{5375EBCF-9DE8-46C6-B19E-A875023EC454}.Debug|Any CPU.ActiveCfg = Debug|Any CPU
		{5375EBCF-9DE8-46C6-B19E-A875023EC454}.Debug|Any CPU.Build.0 = Debug|Any CPU
		{5375EBCF-9DE8-46C6-B19E-A875023EC454}.Release|Any CPU.ActiveCfg = Release|Any CPU
		{5375EBCF-9DE8-46C6-B19E-A875023EC454}.Release|Any CPU.Build.0 = Release|Any CPU
		{5351A973-4B4B-401F-BB9B-30BD976B1CEB}.Debug|Any CPU.ActiveCfg = Debug|Any CPU
		{5351A973-4B4B-401F-BB9B-30BD976B1CEB}.Debug|Any CPU.Build.0 = Debug|Any CPU
		{5351A973-4B4B-401F-BB9B-30BD976B1CEB}.Release|Any CPU.ActiveCfg = Release|Any CPU
		{5351A973-4B4B-401F-BB9B-30BD976B1CEB}.Release|Any CPU.Build.0 = Release|Any CPU
		{28789339-8EC5-4DAE-BB85-01DF86D3648C}.Debug|Any CPU.ActiveCfg = Debug|Any CPU
		{28789339-8EC5-4DAE-BB85-01DF86D3648C}.Debug|Any CPU.Build.0 = Debug|Any CPU
		{28789339-8EC5-4DAE-BB85-01DF86D3648C}.Release|Any CPU.ActiveCfg = Release|Any CPU
		{28789339-8EC5-4DAE-BB85-01DF86D3648C}.Release|Any CPU.Build.0 = Release|Any CPU
		{143392B6-250D-49DB-B224-32D5D3495D6D}.Debug|Any CPU.ActiveCfg = Debug|Any CPU
		{143392B6-250D-49DB-B224-32D5D3495D6D}.Debug|Any CPU.Build.0 = Debug|Any CPU
		{143392B6-250D-49DB-B224-32D5D3495D6D}.Release|Any CPU.ActiveCfg = Release|Any CPU
		{143392B6-250D-49DB-B224-32D5D3495D6D}.Release|Any CPU.Build.0 = Release|Any CPU
		{A940B5A9-C194-40B2-B29B-952B1DC894A6}.Debug|Any CPU.ActiveCfg = Debug|Any CPU
		{A940B5A9-C194-40B2-B29B-952B1DC894A6}.Debug|Any CPU.Build.0 = Debug|Any CPU
		{A940B5A9-C194-40B2-B29B-952B1DC894A6}.Release|Any CPU.ActiveCfg = Release|Any CPU
		{A940B5A9-C194-40B2-B29B-952B1DC894A6}.Release|Any CPU.Build.0 = Release|Any CPU
		{DE789B46-CA39-48A0-9837-B8275DE94DBA}.Debug|Any CPU.ActiveCfg = Debug|Any CPU
		{DE789B46-CA39-48A0-9837-B8275DE94DBA}.Debug|Any CPU.Build.0 = Debug|Any CPU
		{DE789B46-CA39-48A0-9837-B8275DE94DBA}.Release|Any CPU.ActiveCfg = Release|Any CPU
		{DE789B46-CA39-48A0-9837-B8275DE94DBA}.Release|Any CPU.Build.0 = Release|Any CPU
		{8A33608A-BC80-4F80-9562-61998B99D7A9}.Debug|Any CPU.ActiveCfg = Debug|Any CPU
		{8A33608A-BC80-4F80-9562-61998B99D7A9}.Debug|Any CPU.Build.0 = Debug|Any CPU
		{8A33608A-BC80-4F80-9562-61998B99D7A9}.Release|Any CPU.ActiveCfg = Release|Any CPU
		{8A33608A-BC80-4F80-9562-61998B99D7A9}.Release|Any CPU.Build.0 = Release|Any CPU
		{3E9E2C18-8F42-402A-A9CE-647F089367AA}.Debug|Any CPU.ActiveCfg = Debug|Any CPU
		{3E9E2C18-8F42-402A-A9CE-647F089367AA}.Debug|Any CPU.Build.0 = Debug|Any CPU
		{3E9E2C18-8F42-402A-A9CE-647F089367AA}.Release|Any CPU.ActiveCfg = Release|Any CPU
		{3E9E2C18-8F42-402A-A9CE-647F089367AA}.Release|Any CPU.Build.0 = Release|Any CPU
	EndGlobalSection
	GlobalSection(SolutionProperties) = preSolution
		HideSolutionNode = FALSE
	EndGlobalSection
	GlobalSection(ExtensibilityGlobals) = postSolution
		SolutionGuid = {5666C1A3-8108-4D37-9202-24D6A8903997}
	EndGlobalSection
EndGlobal
