
Microsoft Visual Studio Solution File, Format Version 12.00
# Visual Studio Version 17
VisualStudioVersion = 17.5.33530.505
MinimumVisualStudioVersion = 10.0.40219.1
Project("{9A19103F-16F7-4668-BE54-9A1E7A4F7556}") = "RenaciendoWebAPI", "RenaciendoWebAPI\RenaciendoWebAPI.csproj", "{7FA93CC7-CE38-4C53-9CF8-56078D626402}"
EndProject
Project("{9A19103F-16F7-4668-BE54-9A1E7A4F7556}") = "MySQLDapper", "MySQLDapper\MySQLDapper.csproj", "{F88C514E-1796-460E-B514-B8AA1E1854B4}"
EndProject
Project("{9A19103F-16F7-4668-BE54-9A1E7A4F7556}") = "TiendaAPI", "TiendaAPI\TiendaAPI.csproj", "{9B23E0C1-525A-49E5-A73E-DD23C02CE854}"
EndProject
Project("{9A19103F-16F7-4668-BE54-9A1E7A4F7556}") = "API7MySQL", "API7MySQL\API7MySQL.csproj", "{D1E18CAD-81D4-4F3F-9EC0-B3EF14DCA7C5}"
EndProject
Project("{9A19103F-16F7-4668-BE54-9A1E7A4F7556}") = "CLData", "CLData\CLData.csproj", "{141C7F37-D8A6-4545-BB0A-9132648143E4}"
EndProject
Project("{9A19103F-16F7-4668-BE54-9A1E7A4F7556}") = "CLModel", "CLModel\CLModel.csproj", "{5375EBCF-9DE8-46C6-B19E-A875023EC454}"
EndProject
Project("{9A19103F-16F7-4668-BE54-9A1E7A4F7556}") = "Net5MySQL", "Net5MySQL\Net5MySQL.csproj", "{5351A973-4B4B-401F-BB9B-30BD976B1CEB}"
EndProject
Project("{9A19103F-16F7-4668-BE54-9A1E7A4F7556}") = "ConsoleApp1", "ConsoleApp1\ConsoleApp1.csproj", "{28789339-8EC5-4DAE-BB85-01DF86D3648C}"
EndProject
Project("{9A19103F-16F7-4668-BE54-9A1E7A4F7556}") = "MongoDBNetCore", "MongoDBNetCore\MongoDBNetCore.csproj", "{143392B6-250D-49DB-B224-32D5D3495D6D}"
EndProject
Project("{9A19103F-16F7-4668-BE54-9A1E7A4F7556}") = "CodeByte", "CodeByte\CodeByte.csproj", "{A940B5A9-C194-40B2-B29B-952B1DC894A6}"
EndProject
Project("{9A19103F-16F7-4668-BE54-9A1E7A4F7556}") = "OracleWebAPI", "OracleWebAPI\OracleWebAPI.csproj", "{DE789B46-CA39-48A0-9837-B8275DE94DBA}"
EndProject
Project("{9A19103F-16F7-4668-BE54-9A1E7A4F7556}") = "OracleWebAPI.Data", "OracleWebAPI.Data\OracleWebAPI.Data.csproj", "{8A33608A-BC80-4F80-9562-61998B99D7A9}"
EndProject
Project("{9A19103F-16F7-4668-BE54-9A1E7A4F7556}") = "OracleWebAPI.Services", "OracleWebAPI.Services\OracleWebAPI.Services.csproj", "{3E9E2C18-8F42-402A-A9CE-647F089367AA}"
EndProject
Project("{9A19103F-16F7-4668-BE54-9A1E7A4F7556}") = "OracleWebAPI.DTO", "OracleWebAPI.DTO\OracleWebAPI.DTO.csproj", "{4396EC0F-F0C1-4206-82F2-1BB4160CF031}"
EndProject
Project("{FAE04EC0-301F-11D3-BF4B-00C04F79EFBC}") = "EF7Masivo", "EF7Masivo\EF7Masivo.csproj", "{3ABEE74E-F1C4-4CCA-84B6-DDC43A28C26F}"
EndProject
Project("{2150E333-8FDC-42A3-9474-1A3956D46DE8}") = "CQRS", "CQRS", "{87860AC1-EE81-437E-B3AA-2BF1FC4FED8F}"
EndProject
Project("{FAE04EC0-301F-11D3-BF4B-00C04F79EFBC}") = "CQRS.Api", "CQRS.Api\CQRS.Api.csproj", "{D31CFD23-9076-4EF1-B749-C3C83453D8F9}"
EndProject
Project("{FAE04EC0-301F-11D3-BF4B-00C04F79EFBC}") = "CQRS.Domain", "CQRS.Domain\CQRS.Domain.csproj", "{EDD176E7-779A-4554-BE5B-14DC8CE9D725}"
EndProject
Project("{FAE04EC0-301F-11D3-BF4B-00C04F79EFBC}") = "CQRS.Application", "CQRS.Application\CQRS.Application.csproj", "{291F2531-8AFC-4D11-8E91-43F624692B7C}"
EndProject
Project("{FAE04EC0-301F-11D3-BF4B-00C04F79EFBC}") = "CQRS.Infrastructure", "CQRS.Infrastructure\CQRS.Infrastructure.csproj", "{69738516-3168-4334-9D4C-82AEECAB315C}"
EndProject
Project("{2150E333-8FDC-42A3-9474-1A3956D46DE8}") = "Onion", "Onion", "{5408138C-99DF-414A-941B-A67EB775CA4F}"
EndProject
Project("{2150E333-8FDC-42A3-9474-1A3956D46DE8}") = "BancoAPI", "BancoAPI", "{C99502AD-83B1-451E-B30B-E29706DD36B6}"
EndProject
Project("{2150E333-8FDC-42A3-9474-1A3956D46DE8}") = "src", "src", "{A7504B5C-2FB5-4380-974A-CEC2F44EFF90}"
EndProject
Project("{2150E333-8FDC-42A3-9474-1A3956D46DE8}") = "Core", "Core", "{6A4BCA30-86BD-4D27-931F-F9F38B6F4755}"
EndProject
Project("{2150E333-8FDC-42A3-9474-1A3956D46DE8}") = "Infrastructure", "Infrastructure", "{0B162A72-4478-4B42-A253-F216F13EC500}"
EndProject
Project("{2150E333-8FDC-42A3-9474-1A3956D46DE8}") = "Presentation", "Presentation", "{4C1730C2-A970-45CF-B828-97F73919A889}"
EndProject
Project("{FAE04EC0-301F-11D3-BF4B-00C04F79EFBC}") = "BancoAPI.Application", "BancoAPI.Application\BancoAPI.Application.csproj", "{044F7DCA-19D4-417C-B4A2-529810022211}"
EndProject
Project("{FAE04EC0-301F-11D3-BF4B-00C04F79EFBC}") = "BancoAPI.Domain", "BancoAPI.Domain\BancoAPI.Domain.csproj", "{32DDE556-D62D-48D9-AD08-97511617598D}"
EndProject
Project("{FAE04EC0-301F-11D3-BF4B-00C04F79EFBC}") = "BancoAPI.Persistence", "BancoAPI.Persintence\BancoAPI.Persistence.csproj", "{9FB8B7B7-34E0-4420-AE73-93846D94542A}"
EndProject
Project("{FAE04EC0-301F-11D3-BF4B-00C04F79EFBC}") = "BancoAPI.Shared", "BancoAPI.Shared\BancoAPI.Shared.csproj", "{8B7ECCF1-B461-4F1A-AFE8-98FE6171717B}"
EndProject
Project("{FAE04EC0-301F-11D3-BF4B-00C04F79EFBC}") = "BancoAPI.WebAPI", "BancoAPI.WebAPI\BancoAPI.WebAPI.csproj", "{5514F574-40A6-4F18-B3D9-A66C4BF41175}"
EndProject
Global
	GlobalSection(SolutionConfigurationPlatforms) = preSolution
		Debug|Any CPU = Debug|Any CPU
		Release|Any CPU = Release|Any CPU
	EndGlobalSection
	GlobalSection(ProjectConfigurationPlatforms) = postSolution
		{7FA93CC7-CE38-4C53-9CF8-56078D626402}.Debug|Any CPU.ActiveCfg = Debug|Any CPU
		{7FA93CC7-CE38-4C53-9CF8-56078D626402}.Debug|Any CPU.Build.0 = Debug|Any CPU
		{7FA93CC7-CE38-4C53-9CF8-56078D626402}.Release|Any CPU.ActiveCfg = Release|Any CPU
		{7FA93CC7-CE38-4C53-9CF8-56078D626402}.Release|Any CPU.Build.0 = Release|Any CPU
		{F88C514E-1796-460E-B514-B8AA1E1854B4}.Debug|Any CPU.ActiveCfg = Debug|Any CPU
		{F88C514E-1796-460E-B514-B8AA1E1854B4}.Debug|Any CPU.Build.0 = Debug|Any CPU
		{F88C514E-1796-460E-B514-B8AA1E1854B4}.Release|Any CPU.ActiveCfg = Release|Any CPU
		{F88C514E-1796-460E-B514-B8AA1E1854B4}.Release|Any CPU.Build.0 = Release|Any CPU
		{9B23E0C1-525A-49E5-A73E-DD23C02CE854}.Debug|Any CPU.ActiveCfg = Debug|Any CPU
		{9B23E0C1-525A-49E5-A73E-DD23C02CE854}.Debug|Any CPU.Build.0 = Debug|Any CPU
		{9B23E0C1-525A-49E5-A73E-DD23C02CE854}.Release|Any CPU.ActiveCfg = Release|Any CPU
		{9B23E0C1-525A-49E5-A73E-DD23C02CE854}.Release|Any CPU.Build.0 = Release|Any CPU
		{D1E18CAD-81D4-4F3F-9EC0-B3EF14DCA7C5}.Debug|Any CPU.ActiveCfg = Debug|Any CPU
		{D1E18CAD-81D4-4F3F-9EC0-B3EF14DCA7C5}.Debug|Any CPU.Build.0 = Debug|Any CPU
		{D1E18CAD-81D4-4F3F-9EC0-B3EF14DCA7C5}.Release|Any CPU.ActiveCfg = Release|Any CPU
		{D1E18CAD-81D4-4F3F-9EC0-B3EF14DCA7C5}.Release|Any CPU.Build.0 = Release|Any CPU
		{141C7F37-D8A6-4545-BB0A-9132648143E4}.Debug|Any CPU.ActiveCfg = Debug|Any CPU
		{141C7F37-D8A6-4545-BB0A-9132648143E4}.Debug|Any CPU.Build.0 = Debug|Any CPU
		{141C7F37-D8A6-4545-BB0A-9132648143E4}.Release|Any CPU.ActiveCfg = Release|Any CPU
		{141C7F37-D8A6-4545-BB0A-9132648143E4}.Release|Any CPU.Build.0 = Release|Any CPU
		{5375EBCF-9DE8-46C6-B19E-A875023EC454}.Debug|Any CPU.ActiveCfg = Debug|Any CPU
		{5375EBCF-9DE8-46C6-B19E-A875023EC454}.Debug|Any CPU.Build.0 = Debug|Any CPU
		{5375EBCF-9DE8-46C6-B19E-A875023EC454}.Release|Any CPU.ActiveCfg = Release|Any CPU
		{5375EBCF-9DE8-46C6-B19E-A875023EC454}.Release|Any CPU.Build.0 = Release|Any CPU
		{5351A973-4B4B-401F-BB9B-30BD976B1CEB}.Debug|Any CPU.ActiveCfg = Debug|Any CPU
		{5351A973-4B4B-401F-BB9B-30BD976B1CEB}.Debug|Any CPU.Build.0 = Debug|Any CPU
		{5351A973-4B4B-401F-BB9B-30BD976B1CEB}.Release|Any CPU.ActiveCfg = Release|Any CPU
		{5351A973-4B4B-401F-BB9B-30BD976B1CEB}.Release|Any CPU.Build.0 = Release|Any CPU
		{28789339-8EC5-4DAE-BB85-01DF86D3648C}.Debug|Any CPU.ActiveCfg = Debug|Any CPU
		{28789339-8EC5-4DAE-BB85-01DF86D3648C}.Debug|Any CPU.Build.0 = Debug|Any CPU
		{28789339-8EC5-4DAE-BB85-01DF86D3648C}.Release|Any CPU.ActiveCfg = Release|Any CPU
		{28789339-8EC5-4DAE-BB85-01DF86D3648C}.Release|Any CPU.Build.0 = Release|Any CPU
		{143392B6-250D-49DB-B224-32D5D3495D6D}.Debug|Any CPU.ActiveCfg = Debug|Any CPU
		{143392B6-250D-49DB-B224-32D5D3495D6D}.Debug|Any CPU.Build.0 = Debug|Any CPU
		{143392B6-250D-49DB-B224-32D5D3495D6D}.Release|Any CPU.ActiveCfg = Release|Any CPU
		{143392B6-250D-49DB-B224-32D5D3495D6D}.Release|Any CPU.Build.0 = Release|Any CPU
		{A940B5A9-C194-40B2-B29B-952B1DC894A6}.Debug|Any CPU.ActiveCfg = Debug|Any CPU
		{A940B5A9-C194-40B2-B29B-952B1DC894A6}.Debug|Any CPU.Build.0 = Debug|Any CPU
		{A940B5A9-C194-40B2-B29B-952B1DC894A6}.Release|Any CPU.ActiveCfg = Release|Any CPU
		{A940B5A9-C194-40B2-B29B-952B1DC894A6}.Release|Any CPU.Build.0 = Release|Any CPU
		{DE789B46-CA39-48A0-9837-B8275DE94DBA}.Debug|Any CPU.ActiveCfg = Debug|Any CPU
		{DE789B46-CA39-48A0-9837-B8275DE94DBA}.Debug|Any CPU.Build.0 = Debug|Any CPU
		{DE789B46-CA39-48A0-9837-B8275DE94DBA}.Release|Any CPU.ActiveCfg = Release|Any CPU
		{DE789B46-CA39-48A0-9837-B8275DE94DBA}.Release|Any CPU.Build.0 = Release|Any CPU
		{8A33608A-BC80-4F80-9562-61998B99D7A9}.Debug|Any CPU.ActiveCfg = Debug|Any CPU
		{8A33608A-BC80-4F80-9562-61998B99D7A9}.Debug|Any CPU.Build.0 = Debug|Any CPU
		{8A33608A-BC80-4F80-9562-61998B99D7A9}.Release|Any CPU.ActiveCfg = Release|Any CPU
		{8A33608A-BC80-4F80-9562-61998B99D7A9}.Release|Any CPU.Build.0 = Release|Any CPU
		{3E9E2C18-8F42-402A-A9CE-647F089367AA}.Debug|Any CPU.ActiveCfg = Debug|Any CPU
		{3E9E2C18-8F42-402A-A9CE-647F089367AA}.Debug|Any CPU.Build.0 = Debug|Any CPU
		{3E9E2C18-8F42-402A-A9CE-647F089367AA}.Release|Any CPU.ActiveCfg = Release|Any CPU
		{3E9E2C18-8F42-402A-A9CE-647F089367AA}.Release|Any CPU.Build.0 = Release|Any CPU
		{4396EC0F-F0C1-4206-82F2-1BB4160CF031}.Debug|Any CPU.ActiveCfg = Debug|Any CPU
		{4396EC0F-F0C1-4206-82F2-1BB4160CF031}.Debug|Any CPU.Build.0 = Debug|Any CPU
		{4396EC0F-F0C1-4206-82F2-1BB4160CF031}.Release|Any CPU.ActiveCfg = Release|Any CPU
		{4396EC0F-F0C1-4206-82F2-1BB4160CF031}.Release|Any CPU.Build.0 = Release|Any CPU
		{3ABEE74E-F1C4-4CCA-84B6-DDC43A28C26F}.Debug|Any CPU.ActiveCfg = Debug|Any CPU
		{3ABEE74E-F1C4-4CCA-84B6-DDC43A28C26F}.Debug|Any CPU.Build.0 = Debug|Any CPU
		{3ABEE74E-F1C4-4CCA-84B6-DDC43A28C26F}.Release|Any CPU.ActiveCfg = Release|Any CPU
		{3ABEE74E-F1C4-4CCA-84B6-DDC43A28C26F}.Release|Any CPU.Build.0 = Release|Any CPU
		{D31CFD23-9076-4EF1-B749-C3C83453D8F9}.Debug|Any CPU.ActiveCfg = Debug|Any CPU
		{D31CFD23-9076-4EF1-B749-C3C83453D8F9}.Debug|Any CPU.Build.0 = Debug|Any CPU
		{D31CFD23-9076-4EF1-B749-C3C83453D8F9}.Release|Any CPU.ActiveCfg = Release|Any CPU
		{D31CFD23-9076-4EF1-B749-C3C83453D8F9}.Release|Any CPU.Build.0 = Release|Any CPU
		{EDD176E7-779A-4554-BE5B-14DC8CE9D725}.Debug|Any CPU.ActiveCfg = Debug|Any CPU
		{EDD176E7-779A-4554-BE5B-14DC8CE9D725}.Debug|Any CPU.Build.0 = Debug|Any CPU
		{EDD176E7-779A-4554-BE5B-14DC8CE9D725}.Release|Any CPU.ActiveCfg = Release|Any CPU
		{EDD176E7-779A-4554-BE5B-14DC8CE9D725}.Release|Any CPU.Build.0 = Release|Any CPU
		{291F2531-8AFC-4D11-8E91-43F624692B7C}.Debug|Any CPU.ActiveCfg = Debug|Any CPU
		{291F2531-8AFC-4D11-8E91-43F624692B7C}.Debug|Any CPU.Build.0 = Debug|Any CPU
		{291F2531-8AFC-4D11-8E91-43F624692B7C}.Release|Any CPU.ActiveCfg = Release|Any CPU
		{291F2531-8AFC-4D11-8E91-43F624692B7C}.Release|Any CPU.Build.0 = Release|Any CPU
		{69738516-3168-4334-9D4C-82AEECAB315C}.Debug|Any CPU.ActiveCfg = Debug|Any CPU
		{69738516-3168-4334-9D4C-82AEECAB315C}.Debug|Any CPU.Build.0 = Debug|Any CPU
		{69738516-3168-4334-9D4C-82AEECAB315C}.Release|Any CPU.ActiveCfg = Release|Any CPU
		{69738516-3168-4334-9D4C-82AEECAB315C}.Release|Any CPU.Build.0 = Release|Any CPU
		{044F7DCA-19D4-417C-B4A2-529810022211}.Debug|Any CPU.ActiveCfg = Debug|Any CPU
		{044F7DCA-19D4-417C-B4A2-529810022211}.Debug|Any CPU.Build.0 = Debug|Any CPU
		{044F7DCA-19D4-417C-B4A2-529810022211}.Release|Any CPU.ActiveCfg = Release|Any CPU
		{044F7DCA-19D4-417C-B4A2-529810022211}.Release|Any CPU.Build.0 = Release|Any CPU
		{32DDE556-D62D-48D9-AD08-97511617598D}.Debug|Any CPU.ActiveCfg = Debug|Any CPU
		{32DDE556-D62D-48D9-AD08-97511617598D}.Debug|Any CPU.Build.0 = Debug|Any CPU
		{32DDE556-D62D-48D9-AD08-97511617598D}.Release|Any CPU.ActiveCfg = Release|Any CPU
		{32DDE556-D62D-48D9-AD08-97511617598D}.Release|Any CPU.Build.0 = Release|Any CPU
		{9FB8B7B7-34E0-4420-AE73-93846D94542A}.Debug|Any CPU.ActiveCfg = Debug|Any CPU
		{9FB8B7B7-34E0-4420-AE73-93846D94542A}.Debug|Any CPU.Build.0 = Debug|Any CPU
		{9FB8B7B7-34E0-4420-AE73-93846D94542A}.Release|Any CPU.ActiveCfg = Release|Any CPU
		{9FB8B7B7-34E0-4420-AE73-93846D94542A}.Release|Any CPU.Build.0 = Release|Any CPU
		{8B7ECCF1-B461-4F1A-AFE8-98FE6171717B}.Debug|Any CPU.ActiveCfg = Debug|Any CPU
		{8B7ECCF1-B461-4F1A-AFE8-98FE6171717B}.Debug|Any CPU.Build.0 = Debug|Any CPU
		{8B7ECCF1-B461-4F1A-AFE8-98FE6171717B}.Release|Any CPU.ActiveCfg = Release|Any CPU
		{8B7ECCF1-B461-4F1A-AFE8-98FE6171717B}.Release|Any CPU.Build.0 = Release|Any CPU
		{5514F574-40A6-4F18-B3D9-A66C4BF41175}.Debug|Any CPU.ActiveCfg = Debug|Any CPU
		{5514F574-40A6-4F18-B3D9-A66C4BF41175}.Debug|Any CPU.Build.0 = Debug|Any CPU
		{5514F574-40A6-4F18-B3D9-A66C4BF41175}.Release|Any CPU.ActiveCfg = Release|Any CPU
		{5514F574-40A6-4F18-B3D9-A66C4BF41175}.Release|Any CPU.Build.0 = Release|Any CPU
	EndGlobalSection
	GlobalSection(SolutionProperties) = preSolution
		HideSolutionNode = FALSE
	EndGlobalSection
	GlobalSection(NestedProjects) = preSolution
		{D31CFD23-9076-4EF1-B749-C3C83453D8F9} = {87860AC1-EE81-437E-B3AA-2BF1FC4FED8F}
		{EDD176E7-779A-4554-BE5B-14DC8CE9D725} = {87860AC1-EE81-437E-B3AA-2BF1FC4FED8F}
		{291F2531-8AFC-4D11-8E91-43F624692B7C} = {87860AC1-EE81-437E-B3AA-2BF1FC4FED8F}
		{69738516-3168-4334-9D4C-82AEECAB315C} = {87860AC1-EE81-437E-B3AA-2BF1FC4FED8F}
		{C99502AD-83B1-451E-B30B-E29706DD36B6} = {5408138C-99DF-414A-941B-A67EB775CA4F}
		{A7504B5C-2FB5-4380-974A-CEC2F44EFF90} = {C99502AD-83B1-451E-B30B-E29706DD36B6}
		{6A4BCA30-86BD-4D27-931F-F9F38B6F4755} = {A7504B5C-2FB5-4380-974A-CEC2F44EFF90}
		{0B162A72-4478-4B42-A253-F216F13EC500} = {A7504B5C-2FB5-4380-974A-CEC2F44EFF90}
		{4C1730C2-A970-45CF-B828-97F73919A889} = {A7504B5C-2FB5-4380-974A-CEC2F44EFF90}
		{044F7DCA-19D4-417C-B4A2-529810022211} = {6A4BCA30-86BD-4D27-931F-F9F38B6F4755}
		{32DDE556-D62D-48D9-AD08-97511617598D} = {6A4BCA30-86BD-4D27-931F-F9F38B6F4755}
		{9FB8B7B7-34E0-4420-AE73-93846D94542A} = {0B162A72-4478-4B42-A253-F216F13EC500}
		{8B7ECCF1-B461-4F1A-AFE8-98FE6171717B} = {0B162A72-4478-4B42-A253-F216F13EC500}
		{5514F574-40A6-4F18-B3D9-A66C4BF41175} = {4C1730C2-A970-45CF-B828-97F73919A889}
	EndGlobalSection
	GlobalSection(ExtensibilityGlobals) = postSolution
		SolutionGuid = {5666C1A3-8108-4D37-9202-24D6A8903997}
	EndGlobalSection
EndGlobal
